
Microsoft Visual Studio Solution File, Format Version 12.00
# Visual Studio Version 17
VisualStudioVersion = 17.3.32819.101
MinimumVisualStudioVersion = 10.0.40219.1
Project("{FAE04EC0-301F-11D3-BF4B-00C04F79EFBC}") = "schoolApp", "schoolApp\schoolApp.csproj", "{08C43521-97EC-4B0E-A3F4-BF83F8A6D80F}"
EndProject
Global
	GlobalSection(SolutionConfigurationPlatforms) = preSolution
		Debug|Any CPU = Debug|Any CPU
		Release|Any CPU = Release|Any CPU
	EndGlobalSection
	GlobalSection(ProjectConfigurationPlatforms) = postSolution
		{08C43521-97EC-4B0E-A3F4-BF83F8A6D80F}.Debug|Any CPU.ActiveCfg = Debug|Any CPU
		{08C43521-97EC-4B0E-A3F4-BF83F8A6D80F}.Debug|Any CPU.Build.0 = Debug|Any CPU
		{08C43521-97EC-4B0E-A3F4-BF83F8A6D80F}.Release|Any CPU.ActiveCfg = Release|Any CPU
		{08C43521-97EC-4B0E-A3F4-BF83F8A6D80F}.Release|Any CPU.Build.0 = Release|Any CPU
	EndGlobalSection
	GlobalSection(SolutionProperties) = preSolution
		HideSolutionNode = FALSE
	EndGlobalSection
	GlobalSection(ExtensibilityGlobals) = postSolution
		SolutionGuid = {CAAC50E6-3699-48B2-B38B-8B5F09397D2D}
	EndGlobalSection
EndGlobal
